// !$*UTF8*$!
{
	archiveVersion = 1;
	classes = {
	};
	objectVersion = 46;
	objects = {

/* Begin PBXBuildFile section */
		559D47F61CB367F2001C598F /* AppDelegate.swift in Sources */ = {isa = PBXBuildFile; fileRef = 559D47F51CB367F2001C598F /* AppDelegate.swift */; };
		559D47F81CB367F2001C598F /* ViewController.swift in Sources */ = {isa = PBXBuildFile; fileRef = 559D47F71CB367F2001C598F /* ViewController.swift */; };
		559D47FB1CB367F2001C598F /* Main.storyboard in Resources */ = {isa = PBXBuildFile; fileRef = 559D47F91CB367F2001C598F /* Main.storyboard */; };
		559D47FD1CB367F2001C598F /* Assets.xcassets in Resources */ = {isa = PBXBuildFile; fileRef = 559D47FC1CB367F2001C598F /* Assets.xcassets */; };
		559D48001CB367F2001C598F /* LaunchScreen.storyboard in Resources */ = {isa = PBXBuildFile; fileRef = 559D47FE1CB367F2001C598F /* LaunchScreen.storyboard */; };
		559D480B1CB367F2001C598F /* RandomizerTests.swift in Sources */ = {isa = PBXBuildFile; fileRef = 559D480A1CB367F2001C598F /* RandomizerTests.swift */; };
		559D48161CB367F2001C598F /* RandomizerUITests.swift in Sources */ = {isa = PBXBuildFile; fileRef = 559D48151CB367F2001C598F /* RandomizerUITests.swift */; };
		559D48241CB36809001C598F /* Randomizer.swift in Sources */ = {isa = PBXBuildFile; fileRef = 559D48231CB36809001C598F /* Randomizer.swift */; };
		559D48261CB36FAB001C598F /* Renderer.swift in Sources */ = {isa = PBXBuildFile; fileRef = 559D48251CB36FAB001C598F /* Renderer.swift */; };
		559D482C1CB3BA91001C598F /* Extensioner.swift in Sources */ = {isa = PBXBuildFile; fileRef = 559D482B1CB3BA91001C598F /* Extensioner.swift */; };
		559D482E1CB3C341001C598F /* RainbowViewer.swift in Sources */ = {isa = PBXBuildFile; fileRef = 559D482D1CB3C341001C598F /* RainbowViewer.swift */; };
/* End PBXBuildFile section */

/* Begin PBXContainerItemProxy section */
		559D48071CB367F2001C598F /* PBXContainerItemProxy */ = {
			isa = PBXContainerItemProxy;
			containerPortal = 559D47EA1CB367F2001C598F /* Project object */;
			proxyType = 1;
			remoteGlobalIDString = 559D47F11CB367F2001C598F;
			remoteInfo = Randomizer;
		};
		559D48121CB367F2001C598F /* PBXContainerItemProxy */ = {
			isa = PBXContainerItemProxy;
			containerPortal = 559D47EA1CB367F2001C598F /* Project object */;
			proxyType = 1;
			remoteGlobalIDString = 559D47F11CB367F2001C598F;
			remoteInfo = Randomizer;
		};
/* End PBXContainerItemProxy section */

/* Begin PBXFileReference section */
		559D47F21CB367F2001C598F /* Randomizer.app */ = {isa = PBXFileReference; explicitFileType = wrapper.application; includeInIndex = 0; path = Randomizer.app; sourceTree = BUILT_PRODUCTS_DIR; };
		559D47F51CB367F2001C598F /* AppDelegate.swift */ = {isa = PBXFileReference; lastKnownFileType = sourcecode.swift; path = AppDelegate.swift; sourceTree = "<group>"; };
		559D47F71CB367F2001C598F /* ViewController.swift */ = {isa = PBXFileReference; lastKnownFileType = sourcecode.swift; path = ViewController.swift; sourceTree = "<group>"; };
		559D47FA1CB367F2001C598F /* Base */ = {isa = PBXFileReference; lastKnownFileType = file.storyboard; name = Base; path = Base.lproj/Main.storyboard; sourceTree = "<group>"; };
		559D47FC1CB367F2001C598F /* Assets.xcassets */ = {isa = PBXFileReference; lastKnownFileType = folder.assetcatalog; path = Assets.xcassets; sourceTree = "<group>"; };
		559D47FF1CB367F2001C598F /* Base */ = {isa = PBXFileReference; lastKnownFileType = file.storyboard; name = Base; path = Base.lproj/LaunchScreen.storyboard; sourceTree = "<group>"; };
		559D48011CB367F2001C598F /* Info.plist */ = {isa = PBXFileReference; lastKnownFileType = text.plist.xml; path = Info.plist; sourceTree = "<group>"; };
		559D48061CB367F2001C598F /* RandomizerTests.xctest */ = {isa = PBXFileReference; explicitFileType = wrapper.cfbundle; includeInIndex = 0; path = RandomizerTests.xctest; sourceTree = BUILT_PRODUCTS_DIR; };
		559D480A1CB367F2001C598F /* RandomizerTests.swift */ = {isa = PBXFileReference; lastKnownFileType = sourcecode.swift; path = RandomizerTests.swift; sourceTree = "<group>"; };
		559D480C1CB367F2001C598F /* Info.plist */ = {isa = PBXFileReference; lastKnownFileType = text.plist.xml; path = Info.plist; sourceTree = "<group>"; };
		559D48111CB367F2001C598F /* RandomizerUITests.xctest */ = {isa = PBXFileReference; explicitFileType = wrapper.cfbundle; includeInIndex = 0; path = RandomizerUITests.xctest; sourceTree = BUILT_PRODUCTS_DIR; };
		559D48151CB367F2001C598F /* RandomizerUITests.swift */ = {isa = PBXFileReference; lastKnownFileType = sourcecode.swift; path = RandomizerUITests.swift; sourceTree = "<group>"; };
		559D48171CB367F2001C598F /* Info.plist */ = {isa = PBXFileReference; lastKnownFileType = text.plist.xml; path = Info.plist; sourceTree = "<group>"; };
		559D48231CB36809001C598F /* Randomizer.swift */ = {isa = PBXFileReference; fileEncoding = 4; lastKnownFileType = sourcecode.swift; path = Randomizer.swift; sourceTree = "<group>"; };
		559D48251CB36FAB001C598F /* Renderer.swift */ = {isa = PBXFileReference; fileEncoding = 4; lastKnownFileType = sourcecode.swift; path = Renderer.swift; sourceTree = "<group>"; };
		559D482B1CB3BA91001C598F /* Extensioner.swift */ = {isa = PBXFileReference; fileEncoding = 4; lastKnownFileType = sourcecode.swift; path = Extensioner.swift; sourceTree = "<group>"; };
		559D482D1CB3C341001C598F /* RainbowViewer.swift */ = {isa = PBXFileReference; fileEncoding = 4; lastKnownFileType = sourcecode.swift; path = RainbowViewer.swift; sourceTree = "<group>"; };
/* End PBXFileReference section */

/* Begin PBXFrameworksBuildPhase section */
		559D47EF1CB367F2001C598F /* Frameworks */ = {
			isa = PBXFrameworksBuildPhase;
			buildActionMask = 2147483647;
			files = (
			);
			runOnlyForDeploymentPostprocessing = 0;
		};
		559D48031CB367F2001C598F /* Frameworks */ = {
			isa = PBXFrameworksBuildPhase;
			buildActionMask = 2147483647;
			files = (
			);
			runOnlyForDeploymentPostprocessing = 0;
		};
		559D480E1CB367F2001C598F /* Frameworks */ = {
			isa = PBXFrameworksBuildPhase;
			buildActionMask = 2147483647;
			files = (
			);
			runOnlyForDeploymentPostprocessing = 0;
		};
/* End PBXFrameworksBuildPhase section */

/* Begin PBXGroup section */
		559D47E91CB367F2001C598F = {
			isa = PBXGroup;
			children = (
				559D47F41CB367F2001C598F /* Randomizer */,
				559D48091CB367F2001C598F /* RandomizerTests */,
				559D48141CB367F2001C598F /* RandomizerUITests */,
				559D47F31CB367F2001C598F /* Products */,
			);
			sourceTree = "<group>";
		};
		559D47F31CB367F2001C598F /* Products */ = {
			isa = PBXGroup;
			children = (
				559D47F21CB367F2001C598F /* Randomizer.app */,
				559D48061CB367F2001C598F /* RandomizerTests.xctest */,
				559D48111CB367F2001C598F /* RandomizerUITests.xctest */,
			);
			name = Products;
			sourceTree = "<group>";
		};
		559D47F41CB367F2001C598F /* Randomizer */ = {
			isa = PBXGroup;
			children = (
				559D47F51CB367F2001C598F /* AppDelegate.swift */,
				559D47F71CB367F2001C598F /* ViewController.swift */,
				559D48231CB36809001C598F /* Randomizer.swift */,
				559D48251CB36FAB001C598F /* Renderer.swift */,
				559D482B1CB3BA91001C598F /* Extensioner.swift */,
				559D482D1CB3C341001C598F /* RainbowViewer.swift */,
				559D47F91CB367F2001C598F /* Main.storyboard */,
				559D47FC1CB367F2001C598F /* Assets.xcassets */,
				559D47FE1CB367F2001C598F /* LaunchScreen.storyboard */,
				559D48011CB367F2001C598F /* Info.plist */,
			);
			path = Randomizer;
			sourceTree = "<group>";
		};
		559D48091CB367F2001C598F /* RandomizerTests */ = {
			isa = PBXGroup;
			children = (
				559D480A1CB367F2001C598F /* RandomizerTests.swift */,
				559D480C1CB367F2001C598F /* Info.plist */,
			);
			path = RandomizerTests;
			sourceTree = "<group>";
		};
		559D48141CB367F2001C598F /* RandomizerUITests */ = {
			isa = PBXGroup;
			children = (
				559D48151CB367F2001C598F /* RandomizerUITests.swift */,
				559D48171CB367F2001C598F /* Info.plist */,
			);
			path = RandomizerUITests;
			sourceTree = "<group>";
		};
/* End PBXGroup section */

/* Begin PBXNativeTarget section */
		559D47F11CB367F2001C598F /* Randomizer */ = {
			isa = PBXNativeTarget;
			buildConfigurationList = 559D481A1CB367F2001C598F /* Build configuration list for PBXNativeTarget "Randomizer" */;
			buildPhases = (
				559D47EE1CB367F2001C598F /* Sources */,
				559D47EF1CB367F2001C598F /* Frameworks */,
				559D47F01CB367F2001C598F /* Resources */,
			);
			buildRules = (
			);
			dependencies = (
			);
			name = Randomizer;
			productName = Randomizer;
			productReference = 559D47F21CB367F2001C598F /* Randomizer.app */;
			productType = "com.apple.product-type.application";
		};
		559D48051CB367F2001C598F /* RandomizerTests */ = {
			isa = PBXNativeTarget;
			buildConfigurationList = 559D481D1CB367F2001C598F /* Build configuration list for PBXNativeTarget "RandomizerTests" */;
			buildPhases = (
				559D48021CB367F2001C598F /* Sources */,
				559D48031CB367F2001C598F /* Frameworks */,
				559D48041CB367F2001C598F /* Resources */,
			);
			buildRules = (
			);
			dependencies = (
				559D48081CB367F2001C598F /* PBXTargetDependency */,
			);
			name = RandomizerTests;
			productName = RandomizerTests;
			productReference = 559D48061CB367F2001C598F /* RandomizerTests.xctest */;
			productType = "com.apple.product-type.bundle.unit-test";
		};
		559D48101CB367F2001C598F /* RandomizerUITests */ = {
			isa = PBXNativeTarget;
			buildConfigurationList = 559D48201CB367F2001C598F /* Build configuration list for PBXNativeTarget "RandomizerUITests" */;
			buildPhases = (
				559D480D1CB367F2001C598F /* Sources */,
				559D480E1CB367F2001C598F /* Frameworks */,
				559D480F1CB367F2001C598F /* Resources */,
			);
			buildRules = (
			);
			dependencies = (
				559D48131CB367F2001C598F /* PBXTargetDependency */,
			);
			name = RandomizerUITests;
			productName = RandomizerUITests;
			productReference = 559D48111CB367F2001C598F /* RandomizerUITests.xctest */;
			productType = "com.apple.product-type.bundle.ui-testing";
		};
/* End PBXNativeTarget section */

/* Begin PBXProject section */
		559D47EA1CB367F2001C598F /* Project object */ = {
			isa = PBXProject;
			attributes = {
				LastSwiftUpdateCheck = 0730;
				LastUpgradeCheck = 0730;
				ORGANIZATIONNAME = "Chuquimian Productions";
				TargetAttributes = {
					559D47F11CB367F2001C598F = {
						CreatedOnToolsVersion = 7.3;
					};
					559D48051CB367F2001C598F = {
						CreatedOnToolsVersion = 7.3;
						TestTargetID = 559D47F11CB367F2001C598F;
					};
					559D48101CB367F2001C598F = {
						CreatedOnToolsVersion = 7.3;
						TestTargetID = 559D47F11CB367F2001C598F;
					};
				};
			};
			buildConfigurationList = 559D47ED1CB367F2001C598F /* Build configuration list for PBXProject "Randomizer" */;
			compatibilityVersion = "Xcode 3.2";
			developmentRegion = English;
			hasScannedForEncodings = 0;
			knownRegions = (
				en,
				Base,
			);
			mainGroup = 559D47E91CB367F2001C598F;
			productRefGroup = 559D47F31CB367F2001C598F /* Products */;
			projectDirPath = "";
			projectRoot = "";
			targets = (
				559D47F11CB367F2001C598F /* Randomizer */,
				559D48051CB367F2001C598F /* RandomizerTests */,
				559D48101CB367F2001C598F /* RandomizerUITests */,
			);
		};
/* End PBXProject section */

/* Begin PBXResourcesBuildPhase section */
		559D47F01CB367F2001C598F /* Resources */ = {
			isa = PBXResourcesBuildPhase;
			buildActionMask = 2147483647;
			files = (
				559D48001CB367F2001C598F /* LaunchScreen.storyboard in Resources */,
				559D47FD1CB367F2001C598F /* Assets.xcassets in Resources */,
				559D47FB1CB367F2001C598F /* Main.storyboard in Resources */,
			);
			runOnlyForDeploymentPostprocessing = 0;
		};
		559D48041CB367F2001C598F /* Resources */ = {
			isa = PBXResourcesBuildPhase;
			buildActionMask = 2147483647;
			files = (
			);
			runOnlyForDeploymentPostprocessing = 0;
		};
		559D480F1CB367F2001C598F /* Resources */ = {
			isa = PBXResourcesBuildPhase;
			buildActionMask = 2147483647;
			files = (
			);
			runOnlyForDeploymentPostprocessing = 0;
		};
/* End PBXResourcesBuildPhase section */

/* Begin PBXSourcesBuildPhase section */
		559D47EE1CB367F2001C598F /* Sources */ = {
			isa = PBXSourcesBuildPhase;
			buildActionMask = 2147483647;
			files = (
				559D48261CB36FAB001C598F /* Renderer.swift in Sources */,
				559D47F81CB367F2001C598F /* ViewController.swift in Sources */,
				559D48241CB36809001C598F /* Randomizer.swift in Sources */,
				559D482C1CB3BA91001C598F /* Extensioner.swift in Sources */,
				559D482E1CB3C341001C598F /* RainbowViewer.swift in Sources */,
				559D47F61CB367F2001C598F /* AppDelegate.swift in Sources */,
			);
			runOnlyForDeploymentPostprocessing = 0;
		};
		559D48021CB367F2001C598F /* Sources */ = {
			isa = PBXSourcesBuildPhase;
			buildActionMask = 2147483647;
			files = (
				559D480B1CB367F2001C598F /* RandomizerTests.swift in Sources */,
			);
			runOnlyForDeploymentPostprocessing = 0;
		};
		559D480D1CB367F2001C598F /* Sources */ = {
			isa = PBXSourcesBuildPhase;
			buildActionMask = 2147483647;
			files = (
				559D48161CB367F2001C598F /* RandomizerUITests.swift in Sources */,
			);
			runOnlyForDeploymentPostprocessing = 0;
		};
/* End PBXSourcesBuildPhase section */

/* Begin PBXTargetDependency section */
		559D48081CB367F2001C598F /* PBXTargetDependency */ = {
			isa = PBXTargetDependency;
			target = 559D47F11CB367F2001C598F /* Randomizer */;
			targetProxy = 559D48071CB367F2001C598F /* PBXContainerItemProxy */;
		};
		559D48131CB367F2001C598F /* PBXTargetDependency */ = {
			isa = PBXTargetDependency;
			target = 559D47F11CB367F2001C598F /* Randomizer */;
			targetProxy = 559D48121CB367F2001C598F /* PBXContainerItemProxy */;
		};
/* End PBXTargetDependency section */

/* Begin PBXVariantGroup section */
		559D47F91CB367F2001C598F /* Main.storyboard */ = {
			isa = PBXVariantGroup;
			children = (
				559D47FA1CB367F2001C598F /* Base */,
			);
			name = Main.storyboard;
			sourceTree = "<group>";
		};
		559D47FE1CB367F2001C598F /* LaunchScreen.storyboard */ = {
			isa = PBXVariantGroup;
			children = (
				559D47FF1CB367F2001C598F /* Base */,
			);
			name = LaunchScreen.storyboard;
			sourceTree = "<group>";
		};
/* End PBXVariantGroup section */

/* Begin XCBuildConfiguration section */
		559D48181CB367F2001C598F /* Debug */ = {
			isa = XCBuildConfiguration;
			buildSettings = {
				ALWAYS_SEARCH_USER_PATHS = NO;
				CLANG_ANALYZER_NONNULL = YES;
				CLANG_CXX_LANGUAGE_STANDARD = "gnu++0x";
				CLANG_CXX_LIBRARY = "libc++";
				CLANG_ENABLE_MODULES = YES;
				CLANG_ENABLE_OBJC_ARC = YES;
				CLANG_WARN_BOOL_CONVERSION = YES;
				CLANG_WARN_CONSTANT_CONVERSION = YES;
				CLANG_WARN_DIRECT_OBJC_ISA_USAGE = YES_ERROR;
				CLANG_WARN_EMPTY_BODY = YES;
				CLANG_WARN_ENUM_CONVERSION = YES;
				CLANG_WARN_INT_CONVERSION = YES;
				CLANG_WARN_OBJC_ROOT_CLASS = YES_ERROR;
				CLANG_WARN_UNREACHABLE_CODE = YES;
				CLANG_WARN__DUPLICATE_METHOD_MATCH = YES;
				"CODE_SIGN_IDENTITY[sdk=iphoneos*]" = "iPhone Developer";
				COPY_PHASE_STRIP = NO;
				DEBUG_INFORMATION_FORMAT = dwarf;
				ENABLE_STRICT_OBJC_MSGSEND = YES;
				ENABLE_TESTABILITY = YES;
				GCC_C_LANGUAGE_STANDARD = gnu99;
				GCC_DYNAMIC_NO_PIC = NO;
				GCC_NO_COMMON_BLOCKS = YES;
				GCC_OPTIMIZATION_LEVEL = 0;
				GCC_PREPROCESSOR_DEFINITIONS = (
					"DEBUG=1",
					"$(inherited)",
				);
				GCC_WARN_64_TO_32_BIT_CONVERSION = YES;
				GCC_WARN_ABOUT_RETURN_TYPE = YES_ERROR;
				GCC_WARN_UNDECLARED_SELECTOR = YES;
				GCC_WARN_UNINITIALIZED_AUTOS = YES_AGGRESSIVE;
				GCC_WARN_UNUSED_FUNCTION = YES;
				GCC_WARN_UNUSED_VARIABLE = YES;
				IPHONEOS_DEPLOYMENT_TARGET = 9.3;
				MTL_ENABLE_DEBUG_INFO = YES;
				ONLY_ACTIVE_ARCH = YES;
				SDKROOT = iphoneos;
				SWIFT_OPTIMIZATION_LEVEL = "-Onone";
				TARGETED_DEVICE_FAMILY = "1,2";
			};
			name = Debug;
		};
		559D48191CB367F2001C598F /* Release */ = {
			isa = XCBuildConfiguration;
			buildSettings = {
				ALWAYS_SEARCH_USER_PATHS = NO;
				CLANG_ANALYZER_NONNULL = YES;
				CLANG_CXX_LANGUAGE_STANDARD = "gnu++0x";
				CLANG_CXX_LIBRARY = "libc++";
				CLANG_ENABLE_MODULES = YES;
				CLANG_ENABLE_OBJC_ARC = YES;
				CLANG_WARN_BOOL_CONVERSION = YES;
				CLANG_WARN_CONSTANT_CONVERSION = YES;
				CLANG_WARN_DIRECT_OBJC_ISA_USAGE = YES_ERROR;
				CLANG_WARN_EMPTY_BODY = YES;
				CLANG_WARN_ENUM_CONVERSION = YES;
				CLANG_WARN_INT_CONVERSION = YES;
				CLANG_WARN_OBJC_ROOT_CLASS = YES_ERROR;
				CLANG_WARN_UNREACHABLE_CODE = YES;
				CLANG_WARN__DUPLICATE_METHOD_MATCH = YES;
				"CODE_SIGN_IDENTITY[sdk=iphoneos*]" = "iPhone Developer";
				COPY_PHASE_STRIP = NO;
				DEBUG_INFORMATION_FORMAT = "dwarf-with-dsym";
				ENABLE_NS_ASSERTIONS = NO;
				ENABLE_STRICT_OBJC_MSGSEND = YES;
				GCC_C_LANGUAGE_STANDARD = gnu99;
				GCC_NO_COMMON_BLOCKS = YES;
				GCC_WARN_64_TO_32_BIT_CONVERSION = YES;
				GCC_WARN_ABOUT_RETURN_TYPE = YES_ERROR;
				GCC_WARN_UNDECLARED_SELECTOR = YES;
				GCC_WARN_UNINITIALIZED_AUTOS = YES_AGGRESSIVE;
				GCC_WARN_UNUSED_FUNCTION = YES;
				GCC_WARN_UNUSED_VARIABLE = YES;
				IPHONEOS_DEPLOYMENT_TARGET = 9.3;
				MTL_ENABLE_DEBUG_INFO = NO;
				SDKROOT = iphoneos;
				TARGETED_DEVICE_FAMILY = "1,2";
				VALIDATE_PRODUCT = YES;
			};
			name = Release;
		};
		559D481B1CB367F2001C598F /* Debug */ = {
			isa = XCBuildConfiguration;
			buildSettings = {
				ASSETCATALOG_COMPILER_APPICON_NAME = AppIcon;
				CODE_SIGN_IDENTITY = "iPhone Developer";
				INFOPLIST_FILE = Randomizer/Info.plist;
				LD_RUNPATH_SEARCH_PATHS = "$(inherited) @executable_path/Frameworks";
				PRODUCT_BUNDLE_IDENTIFIER = com.chuquimianproductions.Randomizer;
				PRODUCT_NAME = "$(TARGET_NAME)";
				TARGETED_DEVICE_FAMILY = "1,2";
			};
			name = Debug;
		};
		559D481C1CB367F2001C598F /* Release */ = {
			isa = XCBuildConfiguration;
			buildSettings = {
				ASSETCATALOG_COMPILER_APPICON_NAME = AppIcon;
				CODE_SIGN_IDENTITY = "iPhone Developer";
				INFOPLIST_FILE = Randomizer/Info.plist;
				LD_RUNPATH_SEARCH_PATHS = "$(inherited) @executable_path/Frameworks";
				PRODUCT_BUNDLE_IDENTIFIER = com.chuquimianproductions.Randomizer;
				PRODUCT_NAME = "$(TARGET_NAME)";
				TARGETED_DEVICE_FAMILY = "1,2";
			};
			name = Release;
		};
		559D481E1CB367F2001C598F /* Debug */ = {
			isa = XCBuildConfiguration;
			buildSettings = {
				BUNDLE_LOADER = "$(TEST_HOST)";
				INFOPLIST_FILE = RandomizerTests/Info.plist;
				LD_RUNPATH_SEARCH_PATHS = "$(inherited) @executable_path/Frameworks @loader_path/Frameworks";
				PRODUCT_BUNDLE_IDENTIFIER = com.chuquimianproductions.RandomizerTests;
				PRODUCT_NAME = "$(TARGET_NAME)";
				TEST_HOST = "$(BUILT_PRODUCTS_DIR)/Randomizer.app/Randomizer";
			};
			name = Debug;
		};
		559D481F1CB367F2001C598F /* Release */ = {
			isa = XCBuildConfiguration;
			buildSettings = {
				BUNDLE_LOADER = "$(TEST_HOST)";
				INFOPLIST_FILE = RandomizerTests/Info.plist;
				LD_RUNPATH_SEARCH_PATHS = "$(inherited) @executable_path/Frameworks @loader_path/Frameworks";
				PRODUCT_BUNDLE_IDENTIFIER = com.chuquimianproductions.RandomizerTests;
				PRODUCT_NAME = "$(TARGET_NAME)";
				TEST_HOST = "$(BUILT_PRODUCTS_DIR)/Randomizer.app/Randomizer";
			};
			name = Release;
		};
		559D48211CB367F2001C598F /* Debug */ = {
			isa = XCBuildConfiguration;
			buildSettings = {
				INFOPLIST_FILE = RandomizerUITests/Info.plist;
				LD_RUNPATH_SEARCH_PATHS = "$(inherited) @executable_path/Frameworks @loader_path/Frameworks";
				PRODUCT_BUNDLE_IDENTIFIER = com.chuquimianproductions.RandomizerUITests;
				PRODUCT_NAME = "$(TARGET_NAME)";
				TEST_TARGET_NAME = Randomizer;
			};
			name = Debug;
		};
		559D48221CB367F2001C598F /* Release */ = {
			isa = XCBuildConfiguration;
			buildSettings = {
				INFOPLIST_FILE = RandomizerUITests/Info.plist;
				LD_RUNPATH_SEARCH_PATHS = "$(inherited) @executable_path/Frameworks @loader_path/Frameworks";
				PRODUCT_BUNDLE_IDENTIFIER = com.chuquimianproductions.RandomizerUITests;
				PRODUCT_NAME = "$(TARGET_NAME)";
				TEST_TARGET_NAME = Randomizer;
			};
			name = Release;
		};
/* End XCBuildConfiguration section */

/* Begin XCConfigurationList section */
		559D47ED1CB367F2001C598F /* Build configuration list for PBXProject "Randomizer" */ = {
			isa = XCConfigurationList;
			buildConfigurations = (
				559D48181CB367F2001C598F /* Debug */,
				559D48191CB367F2001C598F /* Release */,
			);
			defaultConfigurationIsVisible = 0;
			defaultConfigurationName = Release;
		};
		559D481A1CB367F2001C598F /* Build configuration list for PBXNativeTarget "Randomizer" */ = {
			isa = XCConfigurationList;
			buildConfigurations = (
				559D481B1CB367F2001C598F /* Debug */,
				559D481C1CB367F2001C598F /* Release */,
			);
			defaultConfigurationIsVisible = 0;
			defaultConfigurationName = Release;
		};
		559D481D1CB367F2001C598F /* Build configuration list for PBXNativeTarget "RandomizerTests" */ = {
			isa = XCConfigurationList;
			buildConfigurations = (
				559D481E1CB367F2001C598F /* Debug */,
				559D481F1CB367F2001C598F /* Release */,
			);
			defaultConfigurationIsVisible = 0;
			defaultConfigurationName = Release;
		};
		559D48201CB367F2001C598F /* Build configuration list for PBXNativeTarget "RandomizerUITests" */ = {
			isa = XCConfigurationList;
			buildConfigurations = (
				559D48211CB367F2001C598F /* Debug */,
				559D48221CB367F2001C598F /* Release */,
			);
			defaultConfigurationIsVisible = 0;
			defaultConfigurationName = Release;
		};
/* End XCConfigurationList section */
	};
	rootObject = 559D47EA1CB367F2001C598F /* Project object */;
}
