// !$*UTF8*$!
{
	archiveVersion = 1;
	classes = {
	};
	objectVersion = 56;
	objects = {

/* Begin PBXBuildFile section */
		511294852D570563001A1F97 /* DelayAnimationView.swift in Sources */ = {isa = PBXBuildFile; fileRef = 511294842D57055D001A1F97 /* DelayAnimationView.swift */; };
		511294872D574D5D001A1F97 /* Delays.swift in Sources */ = {isa = PBXBuildFile; fileRef = 511294862D574D5A001A1F97 /* Delays.swift */; };
		5112948A2D575A52001A1F97 /* Durations.swift in Sources */ = {isa = PBXBuildFile; fileRef = 511294892D575A4F001A1F97 /* Durations.swift */; };
		5112948C2D575AD8001A1F97 /* Directions.swift in Sources */ = {isa = PBXBuildFile; fileRef = 5112948B2D575AD5001A1F97 /* Directions.swift */; };
		512BFE0B2D56FC21005AAF89 /* SettingsView.swift in Sources */ = {isa = PBXBuildFile; fileRef = 512BFE0A2D56FC1F005AAF89 /* SettingsView.swift */; };
		516EB5C62C0EBBD300D4E0B7 /* RandomizerApp.swift in Sources */ = {isa = PBXBuildFile; fileRef = 516EB5C52C0EBBD300D4E0B7 /* RandomizerApp.swift */; };
		516EB5C82C0EBBD300D4E0B7 /* ContentView.swift in Sources */ = {isa = PBXBuildFile; fileRef = 516EB5C72C0EBBD300D4E0B7 /* ContentView.swift */; };
		516EB5CA2C0EBBD500D4E0B7 /* Assets.xcassets in Resources */ = {isa = PBXBuildFile; fileRef = 516EB5C92C0EBBD500D4E0B7 /* Assets.xcassets */; };
		516EB5CD2C0EBBD500D4E0B7 /* Preview Assets.xcassets in Resources */ = {isa = PBXBuildFile; fileRef = 516EB5CC2C0EBBD500D4E0B7 /* Preview Assets.xcassets */; };
		516EB5D42C0EC13C00D4E0B7 /* ViewModel.swift in Sources */ = {isa = PBXBuildFile; fileRef = 516EB5D32C0EC13B00D4E0B7 /* ViewModel.swift */; };
		516EB5D62C0EC4D900D4E0B7 /* Colors.swift in Sources */ = {isa = PBXBuildFile; fileRef = 516EB5D52C0EC4D900D4E0B7 /* Colors.swift */; };
		516EB5D82C0EDA0800D4E0B7 /* Launch Screen.storyboard in Resources */ = {isa = PBXBuildFile; fileRef = 516EB5D72C0EDA0800D4E0B7 /* Launch Screen.storyboard */; };
/* End PBXBuildFile section */

/* Begin PBXFileReference section */
		511294842D57055D001A1F97 /* DelayAnimationView.swift */ = {isa = PBXFileReference; lastKnownFileType = sourcecode.swift; path = DelayAnimationView.swift; sourceTree = "<group>"; };
		511294862D574D5A001A1F97 /* Delays.swift */ = {isa = PBXFileReference; lastKnownFileType = sourcecode.swift; path = Delays.swift; sourceTree = "<group>"; };
		511294892D575A4F001A1F97 /* Durations.swift */ = {isa = PBXFileReference; lastKnownFileType = sourcecode.swift; path = Durations.swift; sourceTree = "<group>"; };
		5112948B2D575AD5001A1F97 /* Directions.swift */ = {isa = PBXFileReference; lastKnownFileType = sourcecode.swift; path = Directions.swift; sourceTree = "<group>"; };
		512BFE0A2D56FC1F005AAF89 /* SettingsView.swift */ = {isa = PBXFileReference; lastKnownFileType = sourcecode.swift; path = SettingsView.swift; sourceTree = "<group>"; };
		516EB5C22C0EBBD300D4E0B7 /* Randomizer.app */ = {isa = PBXFileReference; explicitFileType = wrapper.application; includeInIndex = 0; path = Randomizer.app; sourceTree = BUILT_PRODUCTS_DIR; };
		516EB5C52C0EBBD300D4E0B7 /* RandomizerApp.swift */ = {isa = PBXFileReference; lastKnownFileType = sourcecode.swift; path = RandomizerApp.swift; sourceTree = "<group>"; };
		516EB5C72C0EBBD300D4E0B7 /* ContentView.swift */ = {isa = PBXFileReference; lastKnownFileType = sourcecode.swift; path = ContentView.swift; sourceTree = "<group>"; };
		516EB5C92C0EBBD500D4E0B7 /* Assets.xcassets */ = {isa = PBXFileReference; lastKnownFileType = folder.assetcatalog; path = Assets.xcassets; sourceTree = "<group>"; };
		516EB5CC2C0EBBD500D4E0B7 /* Preview Assets.xcassets */ = {isa = PBXFileReference; lastKnownFileType = folder.assetcatalog; path = "Preview Assets.xcassets"; sourceTree = "<group>"; };
		516EB5D32C0EC13B00D4E0B7 /* ViewModel.swift */ = {isa = PBXFileReference; lastKnownFileType = sourcecode.swift; path = ViewModel.swift; sourceTree = "<group>"; };
		516EB5D52C0EC4D900D4E0B7 /* Colors.swift */ = {isa = PBXFileReference; lastKnownFileType = sourcecode.swift; path = Colors.swift; sourceTree = "<group>"; };
		516EB5D72C0EDA0800D4E0B7 /* Launch Screen.storyboard */ = {isa = PBXFileReference; lastKnownFileType = file.storyboard; path = "Launch Screen.storyboard"; sourceTree = "<group>"; };
		516EB5D92C0F193F00D4E0B7 /* Info.plist */ = {isa = PBXFileReference; lastKnownFileType = text.plist; path = Info.plist; sourceTree = "<group>"; };
/* End PBXFileReference section */

/* Begin PBXFrameworksBuildPhase section */
		516EB5BF2C0EBBD300D4E0B7 /* Frameworks */ = {
			isa = PBXFrameworksBuildPhase;
			buildActionMask = 2147483647;
			files = (
			);
			runOnlyForDeploymentPostprocessing = 0;
		};
/* End PBXFrameworksBuildPhase section */

/* Begin PBXGroup section */
		511294882D575A48001A1F97 /* Settings */ = {
			isa = PBXGroup;
			children = (
				511294862D574D5A001A1F97 /* Delays.swift */,
				516EB5D52C0EC4D900D4E0B7 /* Colors.swift */,
				511294892D575A4F001A1F97 /* Durations.swift */,
				5112948B2D575AD5001A1F97 /* Directions.swift */,
			);
			path = Settings;
			sourceTree = "<group>";
		};
		516EB5B92C0EBBD300D4E0B7 = {
			isa = PBXGroup;
			children = (
				516EB5C42C0EBBD300D4E0B7 /* Randomizer */,
				516EB5C32C0EBBD300D4E0B7 /* Products */,
			);
			sourceTree = "<group>";
		};
		516EB5C32C0EBBD300D4E0B7 /* Products */ = {
			isa = PBXGroup;
			children = (
				516EB5C22C0EBBD300D4E0B7 /* Randomizer.app */,
			);
			name = Products;
			sourceTree = "<group>";
		};
		516EB5C42C0EBBD300D4E0B7 /* Randomizer */ = {
			isa = PBXGroup;
			children = (
				516EB5D92C0F193F00D4E0B7 /* Info.plist */,
				516EB5C52C0EBBD300D4E0B7 /* RandomizerApp.swift */,
				516EB5C72C0EBBD300D4E0B7 /* ContentView.swift */,
				512BFE0A2D56FC1F005AAF89 /* SettingsView.swift */,
				511294882D575A48001A1F97 /* Settings */,
				516EB5D32C0EC13B00D4E0B7 /* ViewModel.swift */,
				511294842D57055D001A1F97 /* DelayAnimationView.swift */,
				516EB5C92C0EBBD500D4E0B7 /* Assets.xcassets */,
				516EB5D72C0EDA0800D4E0B7 /* Launch Screen.storyboard */,
				516EB5CB2C0EBBD500D4E0B7 /* Preview Content */,
			);
			path = Randomizer;
			sourceTree = "<group>";
		};
		516EB5CB2C0EBBD500D4E0B7 /* Preview Content */ = {
			isa = PBXGroup;
			children = (
				516EB5CC2C0EBBD500D4E0B7 /* Preview Assets.xcassets */,
			);
			path = "Preview Content";
			sourceTree = "<group>";
		};
/* End PBXGroup section */

/* Begin PBXNativeTarget section */
		516EB5C12C0EBBD300D4E0B7 /* Randomizer */ = {
			isa = PBXNativeTarget;
			buildConfigurationList = 516EB5D02C0EBBD500D4E0B7 /* Build configuration list for PBXNativeTarget "Randomizer" */;
			buildPhases = (
				516EB5BE2C0EBBD300D4E0B7 /* Sources */,
				516EB5BF2C0EBBD300D4E0B7 /* Frameworks */,
				516EB5C02C0EBBD300D4E0B7 /* Resources */,
			);
			buildRules = (
			);
			dependencies = (
			);
			name = Randomizer;
			productName = Randomizer;
			productReference = 516EB5C22C0EBBD300D4E0B7 /* Randomizer.app */;
			productType = "com.apple.product-type.application";
		};
/* End PBXNativeTarget section */

/* Begin PBXProject section */
		516EB5BA2C0EBBD300D4E0B7 /* Project object */ = {
			isa = PBXProject;
			attributes = {
				BuildIndependentTargetsInParallel = 1;
				LastSwiftUpdateCheck = 1530;
				LastUpgradeCheck = 1530;
				TargetAttributes = {
					516EB5C12C0EBBD300D4E0B7 = {
						CreatedOnToolsVersion = 15.3;
					};
				};
			};
			buildConfigurationList = 516EB5BD2C0EBBD300D4E0B7 /* Build configuration list for PBXProject "Randomizer" */;
			compatibilityVersion = "Xcode 14.0";
			developmentRegion = en;
			hasScannedForEncodings = 0;
			knownRegions = (
				en,
				Base,
			);
			mainGroup = 516EB5B92C0EBBD300D4E0B7;
			productRefGroup = 516EB5C32C0EBBD300D4E0B7 /* Products */;
			projectDirPath = "";
			projectRoot = "";
			targets = (
				516EB5C12C0EBBD300D4E0B7 /* Randomizer */,
			);
		};
/* End PBXProject section */

/* Begin PBXResourcesBuildPhase section */
		516EB5C02C0EBBD300D4E0B7 /* Resources */ = {
			isa = PBXResourcesBuildPhase;
			buildActionMask = 2147483647;
			files = (
				516EB5D82C0EDA0800D4E0B7 /* Launch Screen.storyboard in Resources */,
				516EB5CD2C0EBBD500D4E0B7 /* Preview Assets.xcassets in Resources */,
				516EB5CA2C0EBBD500D4E0B7 /* Assets.xcassets in Resources */,
			);
			runOnlyForDeploymentPostprocessing = 0;
		};
/* End PBXResourcesBuildPhase section */

/* Begin PBXSourcesBuildPhase section */
		516EB5BE2C0EBBD300D4E0B7 /* Sources */ = {
			isa = PBXSourcesBuildPhase;
			buildActionMask = 2147483647;
			files = (
				512BFE0B2D56FC21005AAF89 /* SettingsView.swift in Sources */,
				516EB5C82C0EBBD300D4E0B7 /* ContentView.swift in Sources */,
				511294852D570563001A1F97 /* DelayAnimationView.swift in Sources */,
				5112948A2D575A52001A1F97 /* Durations.swift in Sources */,
				516EB5D62C0EC4D900D4E0B7 /* Colors.swift in Sources */,
				516EB5D42C0EC13C00D4E0B7 /* ViewModel.swift in Sources */,
				511294872D574D5D001A1F97 /* Delays.swift in Sources */,
				5112948C2D575AD8001A1F97 /* Directions.swift in Sources */,
				516EB5C62C0EBBD300D4E0B7 /* RandomizerApp.swift in Sources */,
			);
			runOnlyForDeploymentPostprocessing = 0;
		};
/* End PBXSourcesBuildPhase section */

/* Begin XCBuildConfiguration section */
		516EB5CE2C0EBBD500D4E0B7 /* Debug */ = {
			isa = XCBuildConfiguration;
			buildSettings = {
				ALWAYS_SEARCH_USER_PATHS = NO;
				ASSETCATALOG_COMPILER_GENERATE_SWIFT_ASSET_SYMBOL_EXTENSIONS = YES;
				CLANG_ANALYZER_NONNULL = YES;
				CLANG_ANALYZER_NUMBER_OBJECT_CONVERSION = YES_AGGRESSIVE;
				CLANG_CXX_LANGUAGE_STANDARD = "gnu++20";
				CLANG_ENABLE_MODULES = YES;
				CLANG_ENABLE_OBJC_ARC = YES;
				CLANG_ENABLE_OBJC_WEAK = YES;
				CLANG_WARN_BLOCK_CAPTURE_AUTORELEASING = YES;
				CLANG_WARN_BOOL_CONVERSION = YES;
				CLANG_WARN_COMMA = YES;
				CLANG_WARN_CONSTANT_CONVERSION = YES;
				CLANG_WARN_DEPRECATED_OBJC_IMPLEMENTATIONS = YES;
				CLANG_WARN_DIRECT_OBJC_ISA_USAGE = YES_ERROR;
				CLANG_WARN_DOCUMENTATION_COMMENTS = YES;
				CLANG_WARN_EMPTY_BODY = YES;
				CLANG_WARN_ENUM_CONVERSION = YES;
				CLANG_WARN_INFINITE_RECURSION = YES;
				CLANG_WARN_INT_CONVERSION = YES;
				CLANG_WARN_NON_LITERAL_NULL_CONVERSION = YES;
				CLANG_WARN_OBJC_IMPLICIT_RETAIN_SELF = YES;
				CLANG_WARN_OBJC_LITERAL_CONVERSION = YES;
				CLANG_WARN_OBJC_ROOT_CLASS = YES_ERROR;
				CLANG_WARN_QUOTED_INCLUDE_IN_FRAMEWORK_HEADER = YES;
				CLANG_WARN_RANGE_LOOP_ANALYSIS = YES;
				CLANG_WARN_STRICT_PROTOTYPES = YES;
				CLANG_WARN_SUSPICIOUS_MOVE = YES;
				CLANG_WARN_UNGUARDED_AVAILABILITY = YES_AGGRESSIVE;
				CLANG_WARN_UNREACHABLE_CODE = YES;
				CLANG_WARN__DUPLICATE_METHOD_MATCH = YES;
				COPY_PHASE_STRIP = NO;
				DEBUG_INFORMATION_FORMAT = dwarf;
				ENABLE_STRICT_OBJC_MSGSEND = YES;
				ENABLE_TESTABILITY = YES;
				ENABLE_USER_SCRIPT_SANDBOXING = YES;
				GCC_C_LANGUAGE_STANDARD = gnu17;
				GCC_DYNAMIC_NO_PIC = NO;
				GCC_NO_COMMON_BLOCKS = YES;
				GCC_OPTIMIZATION_LEVEL = 0;
				GCC_PREPROCESSOR_DEFINITIONS = (
					"DEBUG=1",
					"$(inherited)",
				);
				GCC_WARN_64_TO_32_BIT_CONVERSION = YES;
				GCC_WARN_ABOUT_RETURN_TYPE = YES_ERROR;
				GCC_WARN_UNDECLARED_SELECTOR = YES;
				GCC_WARN_UNINITIALIZED_AUTOS = YES_AGGRESSIVE;
				GCC_WARN_UNUSED_FUNCTION = YES;
				GCC_WARN_UNUSED_VARIABLE = YES;
				IPHONEOS_DEPLOYMENT_TARGET = 17.4;
				LOCALIZATION_PREFERS_STRING_CATALOGS = YES;
				MTL_ENABLE_DEBUG_INFO = INCLUDE_SOURCE;
				MTL_FAST_MATH = YES;
				ONLY_ACTIVE_ARCH = YES;
				SDKROOT = iphoneos;
				SWIFT_ACTIVE_COMPILATION_CONDITIONS = "DEBUG $(inherited)";
				SWIFT_OPTIMIZATION_LEVEL = "-Onone";
			};
			name = Debug;
		};
		516EB5CF2C0EBBD500D4E0B7 /* Release */ = {
			isa = XCBuildConfiguration;
			buildSettings = {
				ALWAYS_SEARCH_USER_PATHS = NO;
				ASSETCATALOG_COMPILER_GENERATE_SWIFT_ASSET_SYMBOL_EXTENSIONS = YES;
				CLANG_ANALYZER_NONNULL = YES;
				CLANG_ANALYZER_NUMBER_OBJECT_CONVERSION = YES_AGGRESSIVE;
				CLANG_CXX_LANGUAGE_STANDARD = "gnu++20";
				CLANG_ENABLE_MODULES = YES;
				CLANG_ENABLE_OBJC_ARC = YES;
				CLANG_ENABLE_OBJC_WEAK = YES;
				CLANG_WARN_BLOCK_CAPTURE_AUTORELEASING = YES;
				CLANG_WARN_BOOL_CONVERSION = YES;
				CLANG_WARN_COMMA = YES;
				CLANG_WARN_CONSTANT_CONVERSION = YES;
				CLANG_WARN_DEPRECATED_OBJC_IMPLEMENTATIONS = YES;
				CLANG_WARN_DIRECT_OBJC_ISA_USAGE = YES_ERROR;
				CLANG_WARN_DOCUMENTATION_COMMENTS = YES;
				CLANG_WARN_EMPTY_BODY = YES;
				CLANG_WARN_ENUM_CONVERSION = YES;
				CLANG_WARN_INFINITE_RECURSION = YES;
				CLANG_WARN_INT_CONVERSION = YES;
				CLANG_WARN_NON_LITERAL_NULL_CONVERSION = YES;
				CLANG_WARN_OBJC_IMPLICIT_RETAIN_SELF = YES;
				CLANG_WARN_OBJC_LITERAL_CONVERSION = YES;
				CLANG_WARN_OBJC_ROOT_CLASS = YES_ERROR;
				CLANG_WARN_QUOTED_INCLUDE_IN_FRAMEWORK_HEADER = YES;
				CLANG_WARN_RANGE_LOOP_ANALYSIS = YES;
				CLANG_WARN_STRICT_PROTOTYPES = YES;
				CLANG_WARN_SUSPICIOUS_MOVE = YES;
				CLANG_WARN_UNGUARDED_AVAILABILITY = YES_AGGRESSIVE;
				CLANG_WARN_UNREACHABLE_CODE = YES;
				CLANG_WARN__DUPLICATE_METHOD_MATCH = YES;
				COPY_PHASE_STRIP = NO;
				DEBUG_INFORMATION_FORMAT = "dwarf-with-dsym";
				ENABLE_NS_ASSERTIONS = NO;
				ENABLE_STRICT_OBJC_MSGSEND = YES;
				ENABLE_USER_SCRIPT_SANDBOXING = YES;
				GCC_C_LANGUAGE_STANDARD = gnu17;
				GCC_NO_COMMON_BLOCKS = YES;
				GCC_WARN_64_TO_32_BIT_CONVERSION = YES;
				GCC_WARN_ABOUT_RETURN_TYPE = YES_ERROR;
				GCC_WARN_UNDECLARED_SELECTOR = YES;
				GCC_WARN_UNINITIALIZED_AUTOS = YES_AGGRESSIVE;
				GCC_WARN_UNUSED_FUNCTION = YES;
				GCC_WARN_UNUSED_VARIABLE = YES;
				IPHONEOS_DEPLOYMENT_TARGET = 17.4;
				LOCALIZATION_PREFERS_STRING_CATALOGS = YES;
				MTL_ENABLE_DEBUG_INFO = NO;
				MTL_FAST_MATH = YES;
				SDKROOT = iphoneos;
				SWIFT_COMPILATION_MODE = wholemodule;
				VALIDATE_PRODUCT = YES;
			};
			name = Release;
		};
		516EB5D12C0EBBD500D4E0B7 /* Debug */ = {
			isa = XCBuildConfiguration;
			buildSettings = {
				ASSETCATALOG_COMPILER_APPICON_NAME = AppIcon;
				ASSETCATALOG_COMPILER_GLOBAL_ACCENT_COLOR_NAME = AccentColor;
				CODE_SIGN_STYLE = Automatic;
				CURRENT_PROJECT_VERSION = 1;
				DEVELOPMENT_ASSET_PATHS = "\"Randomizer/Preview Content\"";
				DEVELOPMENT_TEAM = D3NCG82LUC;
				ENABLE_PREVIEWS = YES;
				GENERATE_INFOPLIST_FILE = YES;
				INFOPLIST_FILE = Randomizer/Info.plist;
				INFOPLIST_KEY_LSApplicationCategoryType = "public.app-category.utilities";
				INFOPLIST_KEY_UIApplicationSupportsIndirectInputEvents = YES;
				INFOPLIST_KEY_UILaunchScreen_Generation = YES;
				INFOPLIST_KEY_UILaunchStoryboardName = "Launch Screen.storyboard";
				INFOPLIST_KEY_UIRequiresFullScreen = YES;
				INFOPLIST_KEY_UISupportedInterfaceOrientations = UIInterfaceOrientationPortrait;
				INFOPLIST_KEY_UIUserInterfaceStyle = Automatic;
				IPHONEOS_DEPLOYMENT_TARGET = 16.0;
				LD_RUNPATH_SEARCH_PATHS = (
					"$(inherited)",
					"@executable_path/Frameworks",
				);
				MARKETING_VERSION = 2.1.0;
				PRODUCT_BUNDLE_IDENTIFIER = com.chuquimianproductions.TSARandomizer;
				PRODUCT_NAME = "$(TARGET_NAME)";
				SWIFT_EMIT_LOC_STRINGS = YES;
				SWIFT_VERSION = 5.0;
				TARGETED_DEVICE_FAMILY = "1,2";
			};
			name = Debug;
		};
		516EB5D22C0EBBD500D4E0B7 /* Release */ = {
			isa = XCBuildConfiguration;
			buildSettings = {
				ASSETCATALOG_COMPILER_APPICON_NAME = AppIcon;
				ASSETCATALOG_COMPILER_GLOBAL_ACCENT_COLOR_NAME = AccentColor;
				CODE_SIGN_STYLE = Automatic;
				CURRENT_PROJECT_VERSION = 1;
				DEVELOPMENT_ASSET_PATHS = "\"Randomizer/Preview Content\"";
				DEVELOPMENT_TEAM = D3NCG82LUC;
				ENABLE_PREVIEWS = YES;
				GENERATE_INFOPLIST_FILE = YES;
				INFOPLIST_FILE = Randomizer/Info.plist;
				INFOPLIST_KEY_LSApplicationCategoryType = "public.app-category.utilities";
				INFOPLIST_KEY_UIApplicationSupportsIndirectInputEvents = YES;
				INFOPLIST_KEY_UILaunchScreen_Generation = YES;
				INFOPLIST_KEY_UILaunchStoryboardName = "Launch Screen.storyboard";
				INFOPLIST_KEY_UIRequiresFullScreen = YES;
				INFOPLIST_KEY_UISupportedInterfaceOrientations = UIInterfaceOrientationPortrait;
				INFOPLIST_KEY_UIUserInterfaceStyle = Automatic;
				IPHONEOS_DEPLOYMENT_TARGET = 16.0;
				LD_RUNPATH_SEARCH_PATHS = (
					"$(inherited)",
					"@executable_path/Frameworks",
				);
				MARKETING_VERSION = 2.1.0;
				PRODUCT_BUNDLE_IDENTIFIER = com.chuquimianproductions.TSARandomizer;
				PRODUCT_NAME = "$(TARGET_NAME)";
				SWIFT_EMIT_LOC_STRINGS = YES;
				SWIFT_VERSION = 5.0;
				TARGETED_DEVICE_FAMILY = "1,2";
			};
			name = Release;
		};
/* End XCBuildConfiguration section */

/* Begin XCConfigurationList section */
		516EB5BD2C0EBBD300D4E0B7 /* Build configuration list for PBXProject "Randomizer" */ = {
			isa = XCConfigurationList;
			buildConfigurations = (
				516EB5CE2C0EBBD500D4E0B7 /* Debug */,
				516EB5CF2C0EBBD500D4E0B7 /* Release */,
			);
			defaultConfigurationIsVisible = 0;
			defaultConfigurationName = Release;
		};
		516EB5D02C0EBBD500D4E0B7 /* Build configuration list for PBXNativeTarget "Randomizer" */ = {
			isa = XCConfigurationList;
			buildConfigurations = (
				516EB5D12C0EBBD500D4E0B7 /* Debug */,
				516EB5D22C0EBBD500D4E0B7 /* Release */,
			);
			defaultConfigurationIsVisible = 0;
			defaultConfigurationName = Release;
		};
/* End XCConfigurationList section */
	};
	rootObject = 516EB5BA2C0EBBD300D4E0B7 /* Project object */;
}
